{
  "name": "binary-search-pankaj",
  "version": "1.0.0",
  "lockfileVersion": 3,
  "requires": true,
  "packages": {
    "": {
      "name": "binary-search-pankaj",
      "version": "1.0.0",
      "license": "MIT",
      "dependencies": {
        "binary-search-pankaj": "file:"
      }
    },
    "node_modules/binary-search-pankaj": {
      "resolved": "",
      "link": true
    }
  }
}
